
Microsoft Visual Studio Solution File, Format Version 12.00
# Visual Studio Version 17
VisualStudioVersion = 17.4.33103.184
MinimumVisualStudioVersion = 10.0.40219.1
Project("{F2A71F9B-5D33-465A-A702-920D77279786}") = "advent_2022", "advent_2022\advent_2022.fsproj", "{7BAD024F-BFB6-40B9-AC05-4FE29303771E}"
EndProject
Global
	GlobalSection(SolutionConfigurationPlatforms) = preSolution
		Debug|Any CPU = Debug|Any CPU
		Release|Any CPU = Release|Any CPU
	EndGlobalSection
	GlobalSection(ProjectConfigurationPlatforms) = postSolution
		{7BAD024F-BFB6-40B9-AC05-4FE29303771E}.Debug|Any CPU.ActiveCfg = Debug|Any CPU
		{7BAD024F-BFB6-40B9-AC05-4FE29303771E}.Debug|Any CPU.Build.0 = Debug|Any CPU
		{7BAD024F-BFB6-40B9-AC05-4FE29303771E}.Release|Any CPU.ActiveCfg = Release|Any CPU
		{7BAD024F-BFB6-40B9-AC05-4FE29303771E}.Release|Any CPU.Build.0 = Release|Any CPU
	EndGlobalSection
	GlobalSection(SolutionProperties) = preSolution
		HideSolutionNode = FALSE
	EndGlobalSection
	GlobalSection(ExtensibilityGlobals) = postSolution
		SolutionGuid = {41226096-0582-4D0A-9A1F-19AEAFF7501B}
	EndGlobalSection
EndGlobal
